
Microsoft Visual Studio Solution File, Format Version 12.00
# Visual Studio Version 17
VisualStudioVersion = 17.9.34728.123
MinimumVisualStudioVersion = 10.0.40219.1
Project("{FAE04EC0-301F-11D3-BF4B-00C04F79EFBC}") = "RockPaperScissors", "RockPaperScissors.csproj", "{940278DB-AB67-4C0D-BEDE-2D5776067F50}"
EndProject
Global
	GlobalSection(SolutionConfigurationPlatforms) = preSolution
		Debug|Any CPU = Debug|Any CPU
		Release|Any CPU = Release|Any CPU
	EndGlobalSection
	GlobalSection(ProjectConfigurationPlatforms) = postSolution
		{940278DB-AB67-4C0D-BEDE-2D5776067F50}.Debug|Any CPU.ActiveCfg = Debug|Any CPU
		{940278DB-AB67-4C0D-BEDE-2D5776067F50}.Debug|Any CPU.Build.0 = Debug|Any CPU
		{940278DB-AB67-4C0D-BEDE-2D5776067F50}.Release|Any CPU.ActiveCfg = Release|Any CPU
		{940278DB-AB67-4C0D-BEDE-2D5776067F50}.Release|Any CPU.Build.0 = Release|Any CPU
	EndGlobalSection
	GlobalSection(SolutionProperties) = preSolution
		HideSolutionNode = FALSE
	EndGlobalSection
	GlobalSection(ExtensibilityGlobals) = postSolution
		SolutionGuid = {7104E518-43D2-4AE0-B838-B7C28CCF9887}
	EndGlobalSection
EndGlobal
